// !$*UTF8*$!
{
	archiveVersion = 1;
	classes = {
	};
	objectVersion = 56;
	objects = {

/* Begin PBXBuildFile section */
		F8FA15612A904EB200CC9A5E /* AppDelegate.swift in Sources */ = {isa = PBXBuildFile; fileRef = F8FA15602A904EB200CC9A5E /* AppDelegate.swift */; };
		F8FA15632A904EB200CC9A5E /* SceneDelegate.swift in Sources */ = {isa = PBXBuildFile; fileRef = F8FA15622A904EB200CC9A5E /* SceneDelegate.swift */; };
		F8FA15652A904EB200CC9A5E /* ViewController.swift in Sources */ = {isa = PBXBuildFile; fileRef = F8FA15642A904EB200CC9A5E /* ViewController.swift */; };
		F8FA15682A904EB200CC9A5E /* Main.storyboard in Resources */ = {isa = PBXBuildFile; fileRef = F8FA15662A904EB200CC9A5E /* Main.storyboard */; };
		F8FA156A2A904EB300CC9A5E /* Assets.xcassets in Resources */ = {isa = PBXBuildFile; fileRef = F8FA15692A904EB300CC9A5E /* Assets.xcassets */; };
		F8FA156D2A904EB300CC9A5E /* LaunchScreen.storyboard in Resources */ = {isa = PBXBuildFile; fileRef = F8FA156B2A904EB300CC9A5E /* LaunchScreen.storyboard */; };
		F8FA15752A904EEC00CC9A5E /* FeedLoader.swift in Sources */ = {isa = PBXBuildFile; fileRef = F8FA15742A904EEC00CC9A5E /* FeedLoader.swift */; };
		F8FA15792A904F6A00CC9A5E /* ArticleDTO.swift in Sources */ = {isa = PBXBuildFile; fileRef = F8FA15782A904F6A00CC9A5E /* ArticleDTO.swift */; };
		F8FA157C2A90511C00CC9A5E /* RemoteFeedLoader.swift in Sources */ = {isa = PBXBuildFile; fileRef = F8FA157B2A90511C00CC9A5E /* RemoteFeedLoader.swift */; };
		F8FA157E2A90513800CC9A5E /* LocalFeedLoader.swift in Sources */ = {isa = PBXBuildFile; fileRef = F8FA157D2A90513800CC9A5E /* LocalFeedLoader.swift */; };
		F8FA15802A90518700CC9A5E /* RemoteFeedLoaderWithLocalFallback.swift in Sources */ = {isa = PBXBuildFile; fileRef = F8FA157F2A90518700CC9A5E /* RemoteFeedLoaderWithLocalFallback.swift */; };
		F8FA15882A90534500CC9A5E /* HTTPClient.swift in Sources */ = {isa = PBXBuildFile; fileRef = F8FA15872A90534500CC9A5E /* HTTPClient.swift */; };
		F8FA158B2A9053E900CC9A5E /* Article.swift in Sources */ = {isa = PBXBuildFile; fileRef = F8FA158A2A9053E900CC9A5E /* Article.swift */; };
		F8FA158D2A9055A600CC9A5E /* URLSessionHTTPClient.swift in Sources */ = {isa = PBXBuildFile; fileRef = F8FA158C2A9055A600CC9A5E /* URLSessionHTTPClient.swift */; };
		F8FA15902A90586F00CC9A5E /* AllFeedsScene.swift in Sources */ = {isa = PBXBuildFile; fileRef = F8FA158F2A90586F00CC9A5E /* AllFeedsScene.swift */; };
		F8FA15922A90588400CC9A5E /* AllFeedsViewModel.swift in Sources */ = {isa = PBXBuildFile; fileRef = F8FA15912A90588400CC9A5E /* AllFeedsViewModel.swift */; };
		F8FA15952A905D4500CC9A5E /* FeedCell.swift in Sources */ = {isa = PBXBuildFile; fileRef = F8FA15942A905D4500CC9A5E /* FeedCell.swift */; };
		F8FA15982A90715600CC9A5E /* Kingfisher in Frameworks */ = {isa = PBXBuildFile; productRef = F8FA15972A90715600CC9A5E /* Kingfisher */; };
/* End PBXBuildFile section */

/* Begin PBXFileReference section */
		F8FA155D2A904EB200CC9A5E /* NewsChallenge.app */ = {isa = PBXFileReference; explicitFileType = wrapper.application; includeInIndex = 0; path = NewsChallenge.app; sourceTree = BUILT_PRODUCTS_DIR; };
		F8FA15602A904EB200CC9A5E /* AppDelegate.swift */ = {isa = PBXFileReference; lastKnownFileType = sourcecode.swift; path = AppDelegate.swift; sourceTree = "<group>"; };
		F8FA15622A904EB200CC9A5E /* SceneDelegate.swift */ = {isa = PBXFileReference; lastKnownFileType = sourcecode.swift; path = SceneDelegate.swift; sourceTree = "<group>"; };
		F8FA15642A904EB200CC9A5E /* ViewController.swift */ = {isa = PBXFileReference; lastKnownFileType = sourcecode.swift; path = ViewController.swift; sourceTree = "<group>"; };
		F8FA15672A904EB200CC9A5E /* Base */ = {isa = PBXFileReference; lastKnownFileType = file.storyboard; name = Base; path = Base.lproj/Main.storyboard; sourceTree = "<group>"; };
		F8FA15692A904EB300CC9A5E /* Assets.xcassets */ = {isa = PBXFileReference; lastKnownFileType = folder.assetcatalog; path = Assets.xcassets; sourceTree = "<group>"; };
		F8FA156C2A904EB300CC9A5E /* Base */ = {isa = PBXFileReference; lastKnownFileType = file.storyboard; name = Base; path = Base.lproj/LaunchScreen.storyboard; sourceTree = "<group>"; };
		F8FA156E2A904EB300CC9A5E /* Info.plist */ = {isa = PBXFileReference; lastKnownFileType = text.plist.xml; path = Info.plist; sourceTree = "<group>"; };
		F8FA15742A904EEC00CC9A5E /* FeedLoader.swift */ = {isa = PBXFileReference; lastKnownFileType = sourcecode.swift; path = FeedLoader.swift; sourceTree = "<group>"; };
		F8FA15782A904F6A00CC9A5E /* ArticleDTO.swift */ = {isa = PBXFileReference; lastKnownFileType = sourcecode.swift; path = ArticleDTO.swift; sourceTree = "<group>"; };
		F8FA157B2A90511C00CC9A5E /* RemoteFeedLoader.swift */ = {isa = PBXFileReference; lastKnownFileType = sourcecode.swift; path = RemoteFeedLoader.swift; sourceTree = "<group>"; };
		F8FA157D2A90513800CC9A5E /* LocalFeedLoader.swift */ = {isa = PBXFileReference; lastKnownFileType = sourcecode.swift; path = LocalFeedLoader.swift; sourceTree = "<group>"; };
		F8FA157F2A90518700CC9A5E /* RemoteFeedLoaderWithLocalFallback.swift */ = {isa = PBXFileReference; lastKnownFileType = sourcecode.swift; path = RemoteFeedLoaderWithLocalFallback.swift; sourceTree = "<group>"; };
		F8FA15872A90534500CC9A5E /* HTTPClient.swift */ = {isa = PBXFileReference; lastKnownFileType = sourcecode.swift; path = HTTPClient.swift; sourceTree = "<group>"; };
		F8FA158A2A9053E900CC9A5E /* Article.swift */ = {isa = PBXFileReference; lastKnownFileType = sourcecode.swift; path = Article.swift; sourceTree = "<group>"; };
		F8FA158C2A9055A600CC9A5E /* URLSessionHTTPClient.swift */ = {isa = PBXFileReference; lastKnownFileType = sourcecode.swift; path = URLSessionHTTPClient.swift; sourceTree = "<group>"; };
		F8FA158F2A90586F00CC9A5E /* AllFeedsScene.swift */ = {isa = PBXFileReference; lastKnownFileType = sourcecode.swift; path = AllFeedsScene.swift; sourceTree = "<group>"; };
		F8FA15912A90588400CC9A5E /* AllFeedsViewModel.swift */ = {isa = PBXFileReference; lastKnownFileType = sourcecode.swift; path = AllFeedsViewModel.swift; sourceTree = "<group>"; };
		F8FA15942A905D4500CC9A5E /* FeedCell.swift */ = {isa = PBXFileReference; lastKnownFileType = sourcecode.swift; path = FeedCell.swift; sourceTree = "<group>"; };
/* End PBXFileReference section */

/* Begin PBXFrameworksBuildPhase section */
		F8FA155A2A904EB200CC9A5E /* Frameworks */ = {
			isa = PBXFrameworksBuildPhase;
			buildActionMask = 2147483647;
			files = (
				F8FA15982A90715600CC9A5E /* Kingfisher in Frameworks */,
			);
			runOnlyForDeploymentPostprocessing = 0;
		};
/* End PBXFrameworksBuildPhase section */

/* Begin PBXGroup section */
		F8FA15542A904EB200CC9A5E = {
			isa = PBXGroup;
			children = (
				F8FA155F2A904EB200CC9A5E /* NewsChallenge */,
				F8FA155E2A904EB200CC9A5E /* Products */,
			);
			sourceTree = "<group>";
		};
		F8FA155E2A904EB200CC9A5E /* Products */ = {
			isa = PBXGroup;
			children = (
				F8FA155D2A904EB200CC9A5E /* NewsChallenge.app */,
			);
			name = Products;
			sourceTree = "<group>";
		};
		F8FA155F2A904EB200CC9A5E /* NewsChallenge */ = {
			isa = PBXGroup;
			children = (
				F8FA15812A90524500CC9A5E /* Domain */,
				F8FA15822A90527E00CC9A5E /* Presenter */,
				F8FA15832A90528600CC9A5E /* Data */,
				F8FA15602A904EB200CC9A5E /* AppDelegate.swift */,
				F8FA15622A904EB200CC9A5E /* SceneDelegate.swift */,
				F8FA15642A904EB200CC9A5E /* ViewController.swift */,
				F8FA15662A904EB200CC9A5E /* Main.storyboard */,
				F8FA15692A904EB300CC9A5E /* Assets.xcassets */,
				F8FA156B2A904EB300CC9A5E /* LaunchScreen.storyboard */,
				F8FA156E2A904EB300CC9A5E /* Info.plist */,
			);
			path = NewsChallenge;
			sourceTree = "<group>";
		};
		F8FA15762A904EF200CC9A5E /* Infrustructure */ = {
			isa = PBXGroup;
			children = (
				F8FA15862A9052EC00CC9A5E /* Local */,
				F8FA15852A9052E800CC9A5E /* Remote */,
				F8FA15772A904F3400CC9A5E /* Models */,
				F8FA157F2A90518700CC9A5E /* RemoteFeedLoaderWithLocalFallback.swift */,
			);
			path = Infrustructure;
			sourceTree = "<group>";
		};
		F8FA15772A904F3400CC9A5E /* Models */ = {
			isa = PBXGroup;
			children = (
				F8FA15782A904F6A00CC9A5E /* ArticleDTO.swift */,
			);
			path = Models;
			sourceTree = "<group>";
		};
		F8FA157A2A90502300CC9A5E /* AllFeedsScene */ = {
			isa = PBXGroup;
			children = (
				F8FA15932A905D3400CC9A5E /* Cell */,
				F8FA158F2A90586F00CC9A5E /* AllFeedsScene.swift */,
				F8FA15912A90588400CC9A5E /* AllFeedsViewModel.swift */,
			);
			path = AllFeedsScene;
			sourceTree = "<group>";
		};
		F8FA15812A90524500CC9A5E /* Domain */ = {
			isa = PBXGroup;
			children = (
				F8FA15892A9053DD00CC9A5E /* Models */,
				F8FA15742A904EEC00CC9A5E /* FeedLoader.swift */,
			);
			path = Domain;
			sourceTree = "<group>";
		};
		F8FA15822A90527E00CC9A5E /* Presenter */ = {
			isa = PBXGroup;
			children = (
				F8FA158E2A90560C00CC9A5E /* DetailsScene */,
				F8FA157A2A90502300CC9A5E /* AllFeedsScene */,
			);
			path = Presenter;
			sourceTree = "<group>";
		};
		F8FA15832A90528600CC9A5E /* Data */ = {
			isa = PBXGroup;
			children = (
				F8FA15762A904EF200CC9A5E /* Infrustructure */,
			);
			path = Data;
			sourceTree = "<group>";
		};
		F8FA15852A9052E800CC9A5E /* Remote */ = {
			isa = PBXGroup;
			children = (
				F8FA15872A90534500CC9A5E /* HTTPClient.swift */,
				F8FA157B2A90511C00CC9A5E /* RemoteFeedLoader.swift */,
				F8FA158C2A9055A600CC9A5E /* URLSessionHTTPClient.swift */,
			);
			path = Remote;
			sourceTree = "<group>";
		};
		F8FA15862A9052EC00CC9A5E /* Local */ = {
			isa = PBXGroup;
			children = (
				F8FA157D2A90513800CC9A5E /* LocalFeedLoader.swift */,
			);
			path = Local;
			sourceTree = "<group>";
		};
		F8FA15892A9053DD00CC9A5E /* Models */ = {
			isa = PBXGroup;
			children = (
				F8FA158A2A9053E900CC9A5E /* Article.swift */,
			);
			path = Models;
			sourceTree = "<group>";
		};
		F8FA158E2A90560C00CC9A5E /* DetailsScene */ = {
			isa = PBXGroup;
			children = (
			);
			path = DetailsScene;
			sourceTree = "<group>";
		};
		F8FA15932A905D3400CC9A5E /* Cell */ = {
			isa = PBXGroup;
			children = (
				F8FA15942A905D4500CC9A5E /* FeedCell.swift */,
			);
			path = Cell;
			sourceTree = "<group>";
		};
/* End PBXGroup section */

/* Begin PBXNativeTarget section */
		F8FA155C2A904EB200CC9A5E /* NewsChallenge */ = {
			isa = PBXNativeTarget;
			buildConfigurationList = F8FA15712A904EB300CC9A5E /* Build configuration list for PBXNativeTarget "NewsChallenge" */;
			buildPhases = (
				F8FA15592A904EB200CC9A5E /* Sources */,
				F8FA155A2A904EB200CC9A5E /* Frameworks */,
				F8FA155B2A904EB200CC9A5E /* Resources */,
			);
			buildRules = (
			);
			dependencies = (
			);
			name = NewsChallenge;
			packageProductDependencies = (
				F8FA15972A90715600CC9A5E /* Kingfisher */,
			);
			productName = NewsChallenge;
			productReference = F8FA155D2A904EB200CC9A5E /* NewsChallenge.app */;
			productType = "com.apple.product-type.application";
		};
/* End PBXNativeTarget section */

/* Begin PBXProject section */
		F8FA15552A904EB200CC9A5E /* Project object */ = {
			isa = PBXProject;
			attributes = {
				BuildIndependentTargetsInParallel = 1;
				LastSwiftUpdateCheck = 1430;
				LastUpgradeCheck = 1430;
				TargetAttributes = {
					F8FA155C2A904EB200CC9A5E = {
						CreatedOnToolsVersion = 14.3.1;
					};
				};
			};
			buildConfigurationList = F8FA15582A904EB200CC9A5E /* Build configuration list for PBXProject "NewsChallenge" */;
			compatibilityVersion = "Xcode 14.0";
			developmentRegion = en;
			hasScannedForEncodings = 0;
			knownRegions = (
				en,
				Base,
			);
			mainGroup = F8FA15542A904EB200CC9A5E;
			packageReferences = (
				F8FA15962A90715600CC9A5E /* XCRemoteSwiftPackageReference "Kingfisher" */,
			);
			productRefGroup = F8FA155E2A904EB200CC9A5E /* Products */;
			projectDirPath = "";
			projectRoot = "";
			targets = (
				F8FA155C2A904EB200CC9A5E /* NewsChallenge */,
			);
		};
/* End PBXProject section */

/* Begin PBXResourcesBuildPhase section */
		F8FA155B2A904EB200CC9A5E /* Resources */ = {
			isa = PBXResourcesBuildPhase;
			buildActionMask = 2147483647;
			files = (
				F8FA156D2A904EB300CC9A5E /* LaunchScreen.storyboard in Resources */,
				F8FA156A2A904EB300CC9A5E /* Assets.xcassets in Resources */,
				F8FA15682A904EB200CC9A5E /* Main.storyboard in Resources */,
			);
			runOnlyForDeploymentPostprocessing = 0;
		};
/* End PBXResourcesBuildPhase section */

/* Begin PBXSourcesBuildPhase section */
		F8FA15592A904EB200CC9A5E /* Sources */ = {
			isa = PBXSourcesBuildPhase;
			buildActionMask = 2147483647;
			files = (
				F8FA15922A90588400CC9A5E /* AllFeedsViewModel.swift in Sources */,
				F8FA15902A90586F00CC9A5E /* AllFeedsScene.swift in Sources */,
				F8FA15802A90518700CC9A5E /* RemoteFeedLoaderWithLocalFallback.swift in Sources */,
				F8FA15652A904EB200CC9A5E /* ViewController.swift in Sources */,
				F8FA15612A904EB200CC9A5E /* AppDelegate.swift in Sources */,
				F8FA15752A904EEC00CC9A5E /* FeedLoader.swift in Sources */,
				F8FA158B2A9053E900CC9A5E /* Article.swift in Sources */,
				F8FA15952A905D4500CC9A5E /* FeedCell.swift in Sources */,
				F8FA157E2A90513800CC9A5E /* LocalFeedLoader.swift in Sources */,
				F8FA158D2A9055A600CC9A5E /* URLSessionHTTPClient.swift in Sources */,
				F8FA15882A90534500CC9A5E /* HTTPClient.swift in Sources */,
				F8FA15632A904EB200CC9A5E /* SceneDelegate.swift in Sources */,
				F8FA157C2A90511C00CC9A5E /* RemoteFeedLoader.swift in Sources */,
				F8FA15792A904F6A00CC9A5E /* ArticleDTO.swift in Sources */,
			);
			runOnlyForDeploymentPostprocessing = 0;
		};
/* End PBXSourcesBuildPhase section */

/* Begin PBXVariantGroup section */
		F8FA15662A904EB200CC9A5E /* Main.storyboard */ = {
			isa = PBXVariantGroup;
			children = (
				F8FA15672A904EB200CC9A5E /* Base */,
			);
			name = Main.storyboard;
			sourceTree = "<group>";
		};
		F8FA156B2A904EB300CC9A5E /* LaunchScreen.storyboard */ = {
			isa = PBXVariantGroup;
			children = (
				F8FA156C2A904EB300CC9A5E /* Base */,
			);
			name = LaunchScreen.storyboard;
			sourceTree = "<group>";
		};
/* End PBXVariantGroup section */

/* Begin XCBuildConfiguration section */
		F8FA156F2A904EB300CC9A5E /* Debug */ = {
			isa = XCBuildConfiguration;
			buildSettings = {
				ALWAYS_SEARCH_USER_PATHS = NO;
				CLANG_ANALYZER_NONNULL = YES;
				CLANG_ANALYZER_NUMBER_OBJECT_CONVERSION = YES_AGGRESSIVE;
				CLANG_CXX_LANGUAGE_STANDARD = "gnu++20";
				CLANG_ENABLE_MODULES = YES;
				CLANG_ENABLE_OBJC_ARC = YES;
				CLANG_ENABLE_OBJC_WEAK = YES;
				CLANG_WARN_BLOCK_CAPTURE_AUTORELEASING = YES;
				CLANG_WARN_BOOL_CONVERSION = YES;
				CLANG_WARN_COMMA = YES;
				CLANG_WARN_CONSTANT_CONVERSION = YES;
				CLANG_WARN_DEPRECATED_OBJC_IMPLEMENTATIONS = YES;
				CLANG_WARN_DIRECT_OBJC_ISA_USAGE = YES_ERROR;
				CLANG_WARN_DOCUMENTATION_COMMENTS = YES;
				CLANG_WARN_EMPTY_BODY = YES;
				CLANG_WARN_ENUM_CONVERSION = YES;
				CLANG_WARN_INFINITE_RECURSION = YES;
				CLANG_WARN_INT_CONVERSION = YES;
				CLANG_WARN_NON_LITERAL_NULL_CONVERSION = YES;
				CLANG_WARN_OBJC_IMPLICIT_RETAIN_SELF = YES;
				CLANG_WARN_OBJC_LITERAL_CONVERSION = YES;
				CLANG_WARN_OBJC_ROOT_CLASS = YES_ERROR;
				CLANG_WARN_QUOTED_INCLUDE_IN_FRAMEWORK_HEADER = YES;
				CLANG_WARN_RANGE_LOOP_ANALYSIS = YES;
				CLANG_WARN_STRICT_PROTOTYPES = YES;
				CLANG_WARN_SUSPICIOUS_MOVE = YES;
				CLANG_WARN_UNGUARDED_AVAILABILITY = YES_AGGRESSIVE;
				CLANG_WARN_UNREACHABLE_CODE = YES;
				CLANG_WARN__DUPLICATE_METHOD_MATCH = YES;
				COPY_PHASE_STRIP = NO;
				DEBUG_INFORMATION_FORMAT = dwarf;
				ENABLE_STRICT_OBJC_MSGSEND = YES;
				ENABLE_TESTABILITY = YES;
				GCC_C_LANGUAGE_STANDARD = gnu11;
				GCC_DYNAMIC_NO_PIC = NO;
				GCC_NO_COMMON_BLOCKS = YES;
				GCC_OPTIMIZATION_LEVEL = 0;
				GCC_PREPROCESSOR_DEFINITIONS = (
					"DEBUG=1",
					"$(inherited)",
				);
				GCC_WARN_64_TO_32_BIT_CONVERSION = YES;
				GCC_WARN_ABOUT_RETURN_TYPE = YES_ERROR;
				GCC_WARN_UNDECLARED_SELECTOR = YES;
				GCC_WARN_UNINITIALIZED_AUTOS = YES_AGGRESSIVE;
				GCC_WARN_UNUSED_FUNCTION = YES;
				GCC_WARN_UNUSED_VARIABLE = YES;
				IPHONEOS_DEPLOYMENT_TARGET = 16.4;
				MTL_ENABLE_DEBUG_INFO = INCLUDE_SOURCE;
				MTL_FAST_MATH = YES;
				ONLY_ACTIVE_ARCH = YES;
				SDKROOT = iphoneos;
				SWIFT_ACTIVE_COMPILATION_CONDITIONS = DEBUG;
				SWIFT_OPTIMIZATION_LEVEL = "-Onone";
			};
			name = Debug;
		};
		F8FA15702A904EB300CC9A5E /* Release */ = {
			isa = XCBuildConfiguration;
			buildSettings = {
				ALWAYS_SEARCH_USER_PATHS = NO;
				CLANG_ANALYZER_NONNULL = YES;
				CLANG_ANALYZER_NUMBER_OBJECT_CONVERSION = YES_AGGRESSIVE;
				CLANG_CXX_LANGUAGE_STANDARD = "gnu++20";
				CLANG_ENABLE_MODULES = YES;
				CLANG_ENABLE_OBJC_ARC = YES;
				CLANG_ENABLE_OBJC_WEAK = YES;
				CLANG_WARN_BLOCK_CAPTURE_AUTORELEASING = YES;
				CLANG_WARN_BOOL_CONVERSION = YES;
				CLANG_WARN_COMMA = YES;
				CLANG_WARN_CONSTANT_CONVERSION = YES;
				CLANG_WARN_DEPRECATED_OBJC_IMPLEMENTATIONS = YES;
				CLANG_WARN_DIRECT_OBJC_ISA_USAGE = YES_ERROR;
				CLANG_WARN_DOCUMENTATION_COMMENTS = YES;
				CLANG_WARN_EMPTY_BODY = YES;
				CLANG_WARN_ENUM_CONVERSION = YES;
				CLANG_WARN_INFINITE_RECURSION = YES;
				CLANG_WARN_INT_CONVERSION = YES;
				CLANG_WARN_NON_LITERAL_NULL_CONVERSION = YES;
				CLANG_WARN_OBJC_IMPLICIT_RETAIN_SELF = YES;
				CLANG_WARN_OBJC_LITERAL_CONVERSION = YES;
				CLANG_WARN_OBJC_ROOT_CLASS = YES_ERROR;
				CLANG_WARN_QUOTED_INCLUDE_IN_FRAMEWORK_HEADER = YES;
				CLANG_WARN_RANGE_LOOP_ANALYSIS = YES;
				CLANG_WARN_STRICT_PROTOTYPES = YES;
				CLANG_WARN_SUSPICIOUS_MOVE = YES;
				CLANG_WARN_UNGUARDED_AVAILABILITY = YES_AGGRESSIVE;
				CLANG_WARN_UNREACHABLE_CODE = YES;
				CLANG_WARN__DUPLICATE_METHOD_MATCH = YES;
				COPY_PHASE_STRIP = NO;
				DEBUG_INFORMATION_FORMAT = "dwarf-with-dsym";
				ENABLE_NS_ASSERTIONS = NO;
				ENABLE_STRICT_OBJC_MSGSEND = YES;
				GCC_C_LANGUAGE_STANDARD = gnu11;
				GCC_NO_COMMON_BLOCKS = YES;
				GCC_WARN_64_TO_32_BIT_CONVERSION = YES;
				GCC_WARN_ABOUT_RETURN_TYPE = YES_ERROR;
				GCC_WARN_UNDECLARED_SELECTOR = YES;
				GCC_WARN_UNINITIALIZED_AUTOS = YES_AGGRESSIVE;
				GCC_WARN_UNUSED_FUNCTION = YES;
				GCC_WARN_UNUSED_VARIABLE = YES;
				IPHONEOS_DEPLOYMENT_TARGET = 16.4;
				MTL_ENABLE_DEBUG_INFO = NO;
				MTL_FAST_MATH = YES;
				SDKROOT = iphoneos;
				SWIFT_COMPILATION_MODE = wholemodule;
				SWIFT_OPTIMIZATION_LEVEL = "-O";
				VALIDATE_PRODUCT = YES;
			};
			name = Release;
		};
		F8FA15722A904EB300CC9A5E /* Debug */ = {
			isa = XCBuildConfiguration;
			buildSettings = {
				ASSETCATALOG_COMPILER_APPICON_NAME = AppIcon;
				ASSETCATALOG_COMPILER_GLOBAL_ACCENT_COLOR_NAME = AccentColor;
				CODE_SIGN_STYLE = Automatic;
				CURRENT_PROJECT_VERSION = 1;
				DEVELOPMENT_TEAM = C59ZVY87DS;
				GENERATE_INFOPLIST_FILE = YES;
				INFOPLIST_FILE = NewsChallenge/Info.plist;
				INFOPLIST_KEY_UIApplicationSupportsIndirectInputEvents = YES;
				INFOPLIST_KEY_UILaunchStoryboardName = LaunchScreen;
				INFOPLIST_KEY_UIMainStoryboardFile = Main;
				INFOPLIST_KEY_UISupportedInterfaceOrientations_iPad = "UIInterfaceOrientationPortrait UIInterfaceOrientationPortraitUpsideDown UIInterfaceOrientationLandscapeLeft UIInterfaceOrientationLandscapeRight";
				INFOPLIST_KEY_UISupportedInterfaceOrientations_iPhone = "UIInterfaceOrientationPortrait UIInterfaceOrientationLandscapeLeft UIInterfaceOrientationLandscapeRight";
				IPHONEOS_DEPLOYMENT_TARGET = 16.0;
				LD_RUNPATH_SEARCH_PATHS = (
					"$(inherited)",
					"@executable_path/Frameworks",
				);
				MARKETING_VERSION = 1.0;
				PRODUCT_BUNDLE_IDENTIFIER = com.daitrandev.NewsChallenge;
				PRODUCT_NAME = "$(TARGET_NAME)";
				SWIFT_EMIT_LOC_STRINGS = YES;
				SWIFT_VERSION = 5.0;
				TARGETED_DEVICE_FAMILY = "1,2";
			};
			name = Debug;
		};
		F8FA15732A904EB300CC9A5E /* Release */ = {
			isa = XCBuildConfiguration;
			buildSettings = {
				ASSETCATALOG_COMPILER_APPICON_NAME = AppIcon;
				ASSETCATALOG_COMPILER_GLOBAL_ACCENT_COLOR_NAME = AccentColor;
				CODE_SIGN_STYLE = Automatic;
				CURRENT_PROJECT_VERSION = 1;
				DEVELOPMENT_TEAM = C59ZVY87DS;
				GENERATE_INFOPLIST_FILE = YES;
				INFOPLIST_FILE = NewsChallenge/Info.plist;
				INFOPLIST_KEY_UIApplicationSupportsIndirectInputEvents = YES;
				INFOPLIST_KEY_UILaunchStoryboardName = LaunchScreen;
				INFOPLIST_KEY_UIMainStoryboardFile = Main;
				INFOPLIST_KEY_UISupportedInterfaceOrientations_iPad = "UIInterfaceOrientationPortrait UIInterfaceOrientationPortraitUpsideDown UIInterfaceOrientationLandscapeLeft UIInterfaceOrientationLandscapeRight";
				INFOPLIST_KEY_UISupportedInterfaceOrientations_iPhone = "UIInterfaceOrientationPortrait UIInterfaceOrientationLandscapeLeft UIInterfaceOrientationLandscapeRight";
				IPHONEOS_DEPLOYMENT_TARGET = 16.0;
				LD_RUNPATH_SEARCH_PATHS = (
					"$(inherited)",
					"@executable_path/Frameworks",
				);
				MARKETING_VERSION = 1.0;
				PRODUCT_BUNDLE_IDENTIFIER = com.daitrandev.NewsChallenge;
				PRODUCT_NAME = "$(TARGET_NAME)";
				SWIFT_EMIT_LOC_STRINGS = YES;
				SWIFT_VERSION = 5.0;
				TARGETED_DEVICE_FAMILY = "1,2";
			};
			name = Release;
		};
/* End XCBuildConfiguration section */

/* Begin XCConfigurationList section */
		F8FA15582A904EB200CC9A5E /* Build configuration list for PBXProject "NewsChallenge" */ = {
			isa = XCConfigurationList;
			buildConfigurations = (
				F8FA156F2A904EB300CC9A5E /* Debug */,
				F8FA15702A904EB300CC9A5E /* Release */,
			);
			defaultConfigurationIsVisible = 0;
			defaultConfigurationName = Release;
		};
		F8FA15712A904EB300CC9A5E /* Build configuration list for PBXNativeTarget "NewsChallenge" */ = {
			isa = XCConfigurationList;
			buildConfigurations = (
				F8FA15722A904EB300CC9A5E /* Debug */,
				F8FA15732A904EB300CC9A5E /* Release */,
			);
			defaultConfigurationIsVisible = 0;
			defaultConfigurationName = Release;
		};
/* End XCConfigurationList section */

/* Begin XCRemoteSwiftPackageReference section */
		F8FA15962A90715600CC9A5E /* XCRemoteSwiftPackageReference "Kingfisher" */ = {
			isa = XCRemoteSwiftPackageReference;
			repositoryURL = "https://github.com/onevcat/Kingfisher.git";
			requirement = {
				kind = upToNextMajorVersion;
				minimumVersion = 7.0.0;
			};
		};
/* End XCRemoteSwiftPackageReference section */

/* Begin XCSwiftPackageProductDependency section */
		F8FA15972A90715600CC9A5E /* Kingfisher */ = {
			isa = XCSwiftPackageProductDependency;
			package = F8FA15962A90715600CC9A5E /* XCRemoteSwiftPackageReference "Kingfisher" */;
			productName = Kingfisher;
		};
/* End XCSwiftPackageProductDependency section */
	};
	rootObject = F8FA15552A904EB200CC9A5E /* Project object */;
}
